[[package]]
category = "main"
description = "ASGI specs, helper code, and adapters"
name = "asgiref"
optional = false
python-versions = ">=3.5"
version = "3.2.7"

[package.extras]
tests = ["pytest (>=4.3.0,<4.4.0)", "pytest-asyncio (>=0.10.0,<0.11.0)"]

[[package]]
category = "main"
description = "Internationalization utilities"
name = "babel"
optional = false
python-versions = ">=2.7, !=3.0.*, !=3.1.*, !=3.2.*, !=3.3.*"
version = "2.8.0"

[package.dependencies]
pytz = ">=2015.7"

[[package]]
category = "main"
description = "Python package for providing Mozilla's CA Bundle."
name = "certifi"
optional = false
python-versions = "*"
version = "2020.4.5.2"

[[package]]
category = "main"
description = "Universal encoding detector for Python 2 and 3"
name = "chardet"
optional = false
python-versions = "*"
version = "3.0.4"

[[package]]
category = "main"
description = "XML bomb protection for Python stdlib modules"
name = "defusedxml"
optional = false
python-versions = ">=2.7, !=3.0.*, !=3.1.*, !=3.2.*, !=3.3.*, !=3.4.*"
version = "0.6.0"

[[package]]
category = "main"
description = "A high-level Python Web framework that encourages rapid development and clean, pragmatic design."
name = "django"
optional = false
python-versions = ">=3.6"
version = "3.0.7"

[package.dependencies]
asgiref = ">=3.2,<4.0"
pytz = "*"
sqlparse = ">=0.2.2"

[package.extras]
argon2 = ["argon2-cffi (>=16.1.0)"]
bcrypt = ["bcrypt"]

[[package]]
category = "main"
description = "Integrated set of Django applications addressing authentication, registration, account management as well as 3rd party (social) account authentication."
name = "django-allauth"
optional = false
python-versions = "*"
version = "0.42.0"

[package.dependencies]
Django = ">=2.0"
python3-openid = ">=3.0.8"
requests = "*"
requests-oauthlib = ">=0.3.0"

[[package]]
category = "main"
description = "Best way to have Django DRY forms"
name = "django-crispy-forms"
optional = false
python-versions = ">=3.5"
version = "1.9.1"

[[package]]
category = "dev"
description = "A configurable set of panels that display various debug information about the current request/response."
name = "django-debug-toolbar"
optional = false
python-versions = ">=3.5"
version = "2.2"

[package.dependencies]
Django = ">=1.11"
sqlparse = ">=0.2.0"

[[package]]
category = "main"
description = "Django-environ allows you to utilize 12factor inspired environment variables to configure your Django application."
name = "django-environ"
optional = false
python-versions = "*"
version = "0.4.5"

[[package]]
category = "dev"
description = "Extensions for Django"
name = "django-extensions"
optional = false
python-versions = "*"
version = "2.2.9"

[package.dependencies]
six = ">=1.2"

[[package]]
category = "main"
description = "Django model mixins and utilities"
name = "django-model-utils"
optional = false
python-versions = "*"
version = "4.0.0"

[package.dependencies]
Django = ">=2.0.1"

[[package]]
category = "main"
description = "An international phone number field for django models."
name = "django-phonenumber-field"
optional = false
python-versions = ">=3.5"
version = "4.0.0"

[package.dependencies]
Django = ">=1.11.3"
babel = "*"

[package.dependencies.phonenumbers]
optional = true
version = ">=7.0.2"

[package.extras]
phonenumbers = ["phonenumbers (>=7.0.2)"]
phonenumberslite = ["phonenumberslite (>=7.0.2)"]

[[package]]
category = "main"
description = "Django utility wrapping dateutil.rrule"
name = "django-recurrence"
optional = false
python-versions = "*"
version = "1.10.3"

[package.dependencies]
Django = "*"
python-dateutil = "*"
pytz = "*"

[[package]]
category = "main"
description = "alias."
name = "django-rest-framework"
optional = false
python-versions = "*"
version = "0.1.0"

[package.dependencies]
djangorestframework = "*"

[[package]]
category = "main"
description = "Web APIs for Django, made easy."
name = "djangorestframework"
optional = false
python-versions = ">=3.5"
version = "3.11.0"

[package.dependencies]
django = ">=1.11"

[[package]]
category = "dev"
description = "the modular source code checker: pep8 pyflakes and co"
name = "flake8"
optional = false
python-versions = "!=3.0.*,!=3.1.*,!=3.2.*,!=3.3.*,>=2.7"
version = "3.8.3"

[package.dependencies]
mccabe = ">=0.6.0,<0.7.0"
pycodestyle = ">=2.6.0a1,<2.7.0"
pyflakes = ">=2.2.0,<2.3.0"

[[package]]
category = "main"
description = "Internationalized Domain Names in Applications (IDNA)"
name = "idna"
optional = false
python-versions = ">=2.7, !=3.0.*, !=3.1.*, !=3.2.*, !=3.3.*"
version = "2.9"

[[package]]
category = "dev"
description = "McCabe checker, plugin for flake8"
name = "mccabe"
optional = false
python-versions = "*"
version = "0.6.1"

[[package]]
category = "main"
description = "A generic, spec-compliant, thorough implementation of the OAuth request-signing logic"
name = "oauthlib"
optional = false
python-versions = ">=2.7, !=3.0.*, !=3.1.*, !=3.2.*, !=3.3.*"
version = "3.1.0"

[package.extras]
rsa = ["cryptography"]
signals = ["blinker"]
signedtoken = ["cryptography", "pyjwt (>=1.0.0)"]

[[package]]
category = "main"
description = "Python version of Google's common library for parsing, formatting, storing and validating international phone numbers."
name = "phonenumbers"
optional = false
python-versions = "*"
version = "8.12.5"

[[package]]
category = "dev"
description = "psycopg2 - Python-PostgreSQL Database Adapter"
name = "psycopg2-binary"
optional = false
python-versions = ">=2.7,!=3.0.*,!=3.1.*,!=3.2.*,!=3.3.*"
version = "2.8.5"

[[package]]
category = "dev"
description = "Python style guide checker"
name = "pycodestyle"
optional = false
python-versions = ">=2.7, !=3.0.*, !=3.1.*, !=3.2.*, !=3.3.*"
version = "2.6.0"

[[package]]
category = "dev"
description = "passive checker of Python programs"
name = "pyflakes"
optional = false
python-versions = ">=2.7, !=3.0.*, !=3.1.*, !=3.2.*, !=3.3.*"
version = "2.2.0"

[[package]]
category = "main"
description = "Extensions to the standard Python datetime module"
name = "python-dateutil"
optional = false
python-versions = "!=3.0.*,!=3.1.*,!=3.2.*,>=2.7"
version = "2.8.1"

[package.dependencies]
six = ">=1.5"

[[package]]
category = "main"
description = "Add .env support to your django/flask apps in development and deployments"
name = "python-dotenv"
optional = false
python-versions = "*"
version = "0.13.0"

[package.extras]
cli = ["click (>=5.0)"]

[[package]]
category = "main"
description = "OpenID support for modern servers and consumers."
name = "python3-openid"
optional = false
python-versions = "*"
version = "3.1.0"

[package.dependencies]
defusedxml = "*"

[[package]]
category = "main"
description = "World timezone definitions, modern and historical"
name = "pytz"
optional = false
python-versions = "*"
version = "2020.1"

[[package]]
category = "main"
description = "Python HTTP for Humans."
name = "requests"
optional = false
python-versions = ">=2.7, !=3.0.*, !=3.1.*, !=3.2.*, !=3.3.*, !=3.4.*"
version = "2.23.0"

[package.dependencies]
certifi = ">=2017.4.17"
chardet = ">=3.0.2,<4"
idna = ">=2.5,<3"
urllib3 = ">=1.21.1,<1.25.0 || >1.25.0,<1.25.1 || >1.25.1,<1.26"

[package.extras]
security = ["pyOpenSSL (>=0.14)", "cryptography (>=1.3.4)"]
socks = ["PySocks (>=1.5.6,<1.5.7 || >1.5.7)", "win-inet-pton"]

[[package]]
category = "main"
description = "OAuthlib authentication support for Requests."
name = "requests-oauthlib"
optional = false
python-versions = ">=2.7, !=3.0.*, !=3.1.*, !=3.2.*, !=3.3.*"
version = "1.3.0"

[package.dependencies]
oauthlib = ">=3.0.0"
requests = ">=2.0.0"

[package.extras]
rsa = ["oauthlib (>=3.0.0)"]

[[package]]
category = "main"
description = "Python 2 and 3 compatibility utilities"
name = "six"
optional = false
python-versions = ">=2.7, !=3.0.*, !=3.1.*, !=3.2.*"
version = "1.15.0"

[[package]]
category = "main"
description = "Non-validating SQL parser"
name = "sqlparse"
optional = false
python-versions = ">=2.7, !=3.0.*, !=3.1.*, !=3.2.*, !=3.3.*"
version = "0.3.1"

[[package]]
category = "main"
description = "HTTP library with thread-safe connection pooling, file post, and more."
name = "urllib3"
optional = false
python-versions = ">=2.7, !=3.0.*, !=3.1.*, !=3.2.*, !=3.3.*, !=3.4.*, <4"
version = "1.25.9"

[package.extras]
brotli = ["brotlipy (>=0.6.0)"]
secure = ["certifi", "cryptography (>=1.3.4)", "idna (>=2.0.0)", "pyOpenSSL (>=0.14)", "ipaddress"]
socks = ["PySocks (>=1.5.6,<1.5.7 || >1.5.7,<2.0)"]

[[package]]
category = "main"
description = "Radically simplified static file serving for WSGI applications"
name = "whitenoise"
optional = false
python-versions = ">=3.5, <4"
version = "5.1.0"

[package.extras]
brotli = ["brotli"]

[metadata]
content-hash = "566fe1a51c5caaeb64dc6d31d5f461e83ff40e41b0fb05b1b90b33ce5a8cc003"
python-versions = "^3.8"

[metadata.files]
asgiref = [
    {file = "asgiref-3.2.7-py2.py3-none-any.whl", hash = "sha256:9ca8b952a0a9afa61d30aa6d3d9b570bb3fd6bafcf7ec9e6bed43b936133db1c"},
    {file = "asgiref-3.2.7.tar.gz", hash = "sha256:8036f90603c54e93521e5777b2b9a39ba1bad05773fcf2d208f0299d1df58ce5"},
]
babel = [
    {file = "Babel-2.8.0-py2.py3-none-any.whl", hash = "sha256:d670ea0b10f8b723672d3a6abeb87b565b244da220d76b4dba1b66269ec152d4"},
    {file = "Babel-2.8.0.tar.gz", hash = "sha256:1aac2ae2d0d8ea368fa90906567f5c08463d98ade155c0c4bfedd6a0f7160e38"},
]
certifi = [
    {file = "certifi-2020.4.5.2-py2.py3-none-any.whl", hash = "sha256:9cd41137dc19af6a5e03b630eefe7d1f458d964d406342dd3edf625839b944cc"},
    {file = "certifi-2020.4.5.2.tar.gz", hash = "sha256:5ad7e9a056d25ffa5082862e36f119f7f7cec6457fa07ee2f8c339814b80c9b1"},
]
chardet = [
    {file = "chardet-3.0.4-py2.py3-none-any.whl", hash = "sha256:fc323ffcaeaed0e0a02bf4d117757b98aed530d9ed4531e3e15460124c106691"},
    {file = "chardet-3.0.4.tar.gz", hash = "sha256:84ab92ed1c4d4f16916e05906b6b75a6c0fb5db821cc65e70cbd64a3e2a5eaae"},
]
defusedxml = [
    {file = "defusedxml-0.6.0-py2.py3-none-any.whl", hash = "sha256:6687150770438374ab581bb7a1b327a847dd9c5749e396102de3fad4e8a3ef93"},
    {file = "defusedxml-0.6.0.tar.gz", hash = "sha256:f684034d135af4c6cbb949b8a4d2ed61634515257a67299e5f940fbaa34377f5"},
]
django = [
    {file = "Django-3.0.7-py3-none-any.whl", hash = "sha256:e1630333248c9b3d4e38f02093a26f1e07b271ca896d73097457996e0fae12e8"},
    {file = "Django-3.0.7.tar.gz", hash = "sha256:5052b34b34b3425233c682e0e11d658fd6efd587d11335a0203d827224ada8f2"},
]
django-allauth = [
    {file = "django-allauth-0.42.0.tar.gz", hash = "sha256:f17209410b7f87da0a84639fd79d3771b596a6d3fc1a8e48ce50dabc7f441d30"},
]
django-crispy-forms = [
    {file = "django-crispy-forms-1.9.1.tar.gz", hash = "sha256:fbe9c2c9698b6590afe37940cb08194d1e722015f6bc5bee83f679362406ea30"},
    {file = "django_crispy_forms-1.9.1-py2.py3-none-any.whl", hash = "sha256:ad943285508f0ed0e271d00399b9399c22b8795a4f969029bce0fd29522a8e2d"},
]
django-debug-toolbar = [
    {file = "django-debug-toolbar-2.2.tar.gz", hash = "sha256:eabbefe89881bbe4ca7c980ff102e3c35c8e8ad6eb725041f538988f2f39a943"},
    {file = "django_debug_toolbar-2.2-py3-none-any.whl", hash = "sha256:ff94725e7aae74b133d0599b9bf89bd4eb8f5d2c964106e61d11750228c8774c"},
]
django-environ = [
    {file = "django-environ-0.4.5.tar.gz", hash = "sha256:6c9d87660142608f63ec7d5ce5564c49b603ea8ff25da595fd6098f6dc82afde"},
    {file = "django_environ-0.4.5-py2.py3-none-any.whl", hash = "sha256:c57b3c11ec1f319d9474e3e5a79134f40174b17c7cc024bbb2fad84646b120c4"},
]
django-extensions = [
    {file = "django-extensions-2.2.9.tar.gz", hash = "sha256:2f81b618ba4d1b0e58603e25012e5c74f88a4b706e0022a3b21f24f0322a6ce6"},
    {file = "django_extensions-2.2.9-py2.py3-none-any.whl", hash = "sha256:b19182d101a441fe001c5753553a901e2ef3ff60e8fbbe38881eb4a61fdd17c4"},
]
django-model-utils = [
    {file = "django-model-utils-4.0.0.tar.gz", hash = "sha256:adf09e5be15122a7f4e372cb5a6dd512bbf8d78a23a90770ad0983ee9d909061"},
    {file = "django_model_utils-4.0.0-py2.py3-none-any.whl", hash = "sha256:9cf882e5b604421b62dbe57ad2b18464dc9c8f963fc3f9831badccae66c1139c"},
]
django-phonenumber-field = [
    {file = "django-phonenumber-field-4.0.0.tar.gz", hash = "sha256:d4580cc3352f4433962825f9927e6669852c1b40ec484fcb5a74064dabc1201a"},
    {file = "django_phonenumber_field-4.0.0-py3-none-any.whl", hash = "sha256:2ca3bb0ada0ebc164bd903a981a34f1202a4294006e520b0da961bd7ce9f20a4"},
]
django-recurrence = [
    {file = "django-recurrence-1.10.3.tar.gz", hash = "sha256:715f681f6af029ff3a8d73c7b1460abd8cbc5d5a5001efcb127032e84d9cb963"},
    {file = "django_recurrence-1.10.3-py3-none-any.whl", hash = "sha256:9053b44b78b7fbfe3530673edfdd6d2f562105f8a192bc6a4b906a3df4f95f59"},
]
django-rest-framework = [
    {file = "django-rest-framework-0.1.0.tar.gz", hash = "sha256:47a8f496fa69e3b6bd79f68dd7a1527d907d6b77f009e9db7cf9bb21cc565e4a"},
]
djangorestframework = [
    {file = "djangorestframework-3.11.0-py3-none-any.whl", hash = "sha256:05809fc66e1c997fd9a32ea5730d9f4ba28b109b9da71fccfa5ff241201fd0a4"},
    {file = "djangorestframework-3.11.0.tar.gz", hash = "sha256:e782087823c47a26826ee5b6fa0c542968219263fb3976ec3c31edab23a4001f"},
]
flake8 = [
    {file = "flake8-3.8.3-py2.py3-none-any.whl", hash = "sha256:15e351d19611c887e482fb960eae4d44845013cc142d42896e9862f775d8cf5c"},
    {file = "flake8-3.8.3.tar.gz", hash = "sha256:f04b9fcbac03b0a3e58c0ab3a0ecc462e023a9faf046d57794184028123aa208"},
]
idna = [
    {file = "idna-2.9-py2.py3-none-any.whl", hash = "sha256:a068a21ceac8a4d63dbfd964670474107f541babbd2250d61922f029858365fa"},
    {file = "idna-2.9.tar.gz", hash = "sha256:7588d1c14ae4c77d74036e8c22ff447b26d0fde8f007354fd48a7814db15b7cb"},
]
mccabe = [
    {file = "mccabe-0.6.1-py2.py3-none-any.whl", hash = "sha256:ab8a6258860da4b6677da4bd2fe5dc2c659cff31b3ee4f7f5d64e79735b80d42"},
    {file = "mccabe-0.6.1.tar.gz", hash = "sha256:dd8d182285a0fe56bace7f45b5e7d1a6ebcbf524e8f3bd87eb0f125271b8831f"},
]
oauthlib = [
    {file = "oauthlib-3.1.0-py2.py3-none-any.whl", hash = "sha256:df884cd6cbe20e32633f1db1072e9356f53638e4361bef4e8b03c9127c9328ea"},
    {file = "oauthlib-3.1.0.tar.gz", hash = "sha256:bee41cc35fcca6e988463cacc3bcb8a96224f470ca547e697b604cc697b2f889"},
]
phonenumbers = [
    {file = "phonenumbers-8.12.5-py2.py3-none-any.whl", hash = "sha256:67199749bbc5cb7c3a09f623e29f23dc294df6582968841f1ca2acbc06faafc1"},
    {file = "phonenumbers-8.12.5.tar.gz", hash = "sha256:3586f19abeb92aa6b539d7a4757cb507cf54efcd78224e895caf20fbdde07c26"},
]
psycopg2-binary = [
    {file = "psycopg2-binary-2.8.5.tar.gz", hash = "sha256:ccdc6a87f32b491129ada4b87a43b1895cf2c20fdb7f98ad979647506ffc41b6"},
    {file = "psycopg2_binary-2.8.5-cp27-cp27m-macosx_10_6_intel.macosx_10_9_intel.macosx_10_9_x86_64.macosx_10_10_intel.macosx_10_10_x86_64.whl", hash = "sha256:96d3038f5bd061401996614f65d27a4ecb62d843eb4f48e212e6d129171a721f"},
    {file = "psycopg2_binary-2.8.5-cp27-cp27m-manylinux1_i686.whl", hash = "sha256:08507efbe532029adee21b8d4c999170a83760d38249936038bd0602327029b5"},
    {file = "psycopg2_binary-2.8.5-cp27-cp27m-manylinux1_x86_64.whl", hash = "sha256:b9a8b391c2b0321e0cd7ec6b4cfcc3dd6349347bd1207d48bcb752aa6c553a66"},
    {file = "psycopg2_binary-2.8.5-cp27-cp27m-win32.whl", hash = "sha256:3286541b9d85a340ee4ed42732d15fc1bb441dc500c97243a768154ab8505bb5"},
    {file = "psycopg2_binary-2.8.5-cp27-cp27m-win_amd64.whl", hash = "sha256:008da3ab51adc70a5f1cfbbe5db3a22607ab030eb44bcecf517ad11a0c2b3cac"},
    {file = "psycopg2_binary-2.8.5-cp27-cp27mu-manylinux1_i686.whl", hash = "sha256:ba13346ff6d3eb2dca0b6fa0d8a9d999eff3dcd9b55f3a890f12b0b6362b2b38"},
    {file = "psycopg2_binary-2.8.5-cp27-cp27mu-manylinux1_x86_64.whl", hash = "sha256:c8830b7d5f16fd79d39b21e3d94f247219036b29b30c8270314c46bf8b732389"},
    {file = "psycopg2_binary-2.8.5-cp34-cp34m-win32.whl", hash = "sha256:51f7823f1b087d2020d8e8c9e6687473d3d239ba9afc162d9b2ab6e80b53f9f9"},
    {file = "psycopg2_binary-2.8.5-cp34-cp34m-win_amd64.whl", hash = "sha256:107d9be3b614e52a192719c6bf32e8813030020ea1d1215daa86ded9a24d8b04"},
    {file = "psycopg2_binary-2.8.5-cp35-cp35m-macosx_10_6_intel.macosx_10_9_intel.macosx_10_9_x86_64.macosx_10_10_intel.macosx_10_10_x86_64.whl", hash = "sha256:930315ac53dc65cbf52ab6b6d27422611f5fb461d763c531db229c7e1af6c0b3"},
    {file = "psycopg2_binary-2.8.5-cp35-cp35m-manylinux1_i686.whl", hash = "sha256:6bb2dd006a46a4a4ce95201f836194eb6a1e863f69ee5bab506673e0ca767057"},
    {file = "psycopg2_binary-2.8.5-cp35-cp35m-manylinux1_x86_64.whl", hash = "sha256:3939cf75fc89c5e9ed836e228c4a63604dff95ad19aed2bbf71d5d04c15ed5ce"},
    {file = "psycopg2_binary-2.8.5-cp35-cp35m-win32.whl", hash = "sha256:a20299ee0ea2f9cca494396ac472d6e636745652a64a418b39522c120fd0a0a4"},
    {file = "psycopg2_binary-2.8.5-cp35-cp35m-win_amd64.whl", hash = "sha256:cc30cb900f42c8a246e2cb76539d9726f407330bc244ca7729c41a44e8d807fb"},
    {file = "psycopg2_binary-2.8.5-cp36-cp36m-macosx_10_6_intel.macosx_10_9_intel.macosx_10_9_x86_64.macosx_10_10_intel.macosx_10_10_x86_64.whl", hash = "sha256:40abc319f7f26c042a11658bf3dd3b0b3bceccf883ec1c565d5c909a90204434"},
    {file = "psycopg2_binary-2.8.5-cp36-cp36m-manylinux1_i686.whl", hash = "sha256:702f09d8f77dc4794651f650828791af82f7c2efd8c91ae79e3d9fe4bb7d4c98"},
    {file = "psycopg2_binary-2.8.5-cp36-cp36m-manylinux1_x86_64.whl", hash = "sha256:d1a8b01f6a964fec702d6b6dac1f91f2b9f9fe41b310cbb16c7ef1fac82df06d"},
    {file = "psycopg2_binary-2.8.5-cp36-cp36m-win32.whl", hash = "sha256:17a0ea0b0eabf07035e5e0d520dabc7950aeb15a17c6d36128ba99b2721b25b1"},
    {file = "psycopg2_binary-2.8.5-cp36-cp36m-win_amd64.whl", hash = "sha256:e004db88e5a75e5fdab1620fb9f90c9598c2a195a594225ac4ed2a6f1c23e162"},
    {file = "psycopg2_binary-2.8.5-cp37-cp37m-macosx_10_6_intel.macosx_10_9_intel.macosx_10_9_x86_64.macosx_10_10_intel.macosx_10_10_x86_64.whl", hash = "sha256:a34826d6465c2e2bbe9d0605f944f19d2480589f89863ed5f091943be27c9de4"},
    {file = "psycopg2_binary-2.8.5-cp37-cp37m-manylinux1_i686.whl", hash = "sha256:cac918cd7c4c498a60f5d2a61d4f0a6091c2c9490d81bc805c963444032d0dab"},
    {file = "psycopg2_binary-2.8.5-cp37-cp37m-manylinux1_x86_64.whl", hash = "sha256:7b832d76cc65c092abd9505cc670c4e3421fd136fb6ea5b94efbe4c146572505"},
    {file = "psycopg2_binary-2.8.5-cp37-cp37m-win32.whl", hash = "sha256:bb0608694a91db1e230b4a314e8ed00ad07ed0c518f9a69b83af2717e31291a3"},
    {file = "psycopg2_binary-2.8.5-cp37-cp37m-win_amd64.whl", hash = "sha256:eb2f43ae3037f1ef5e19339c41cf56947021ac892f668765cd65f8ab9814192e"},
    {file = "psycopg2_binary-2.8.5-cp38-cp38-macosx_10_9_x86_64.macosx_10_9_intel.macosx_10_10_intel.macosx_10_10_x86_64.whl", hash = "sha256:07cf82c870ec2d2ce94d18e70c13323c89f2f2a2628cbf1feee700630be2519a"},
    {file = "psycopg2_binary-2.8.5-cp38-cp38-manylinux1_i686.whl", hash = "sha256:a69970ee896e21db4c57e398646af9edc71c003bc52a3cc77fb150240fefd266"},
    {file = "psycopg2_binary-2.8.5-cp38-cp38-manylinux1_x86_64.whl", hash = "sha256:7036ccf715925251fac969f4da9ad37e4b7e211b1e920860148a10c0de963522"},
    {file = "psycopg2_binary-2.8.5-cp38-cp38-win32.whl", hash = "sha256:8f74e631b67482d504d7e9cf364071fc5d54c28e79a093ff402d5f8f81e23bfa"},
    {file = "psycopg2_binary-2.8.5-cp38-cp38-win_amd64.whl", hash = "sha256:fa466306fcf6b39b8a61d003123d442b23707d635a5cb05ac4e1b62cc79105cd"},
]
pycodestyle = [
    {file = "pycodestyle-2.6.0-py2.py3-none-any.whl", hash = "sha256:2295e7b2f6b5bd100585ebcb1f616591b652db8a741695b3d8f5d28bdc934367"},
    {file = "pycodestyle-2.6.0.tar.gz", hash = "sha256:c58a7d2815e0e8d7972bf1803331fb0152f867bd89adf8a01dfd55085434192e"},
]
pyflakes = [
    {file = "pyflakes-2.2.0-py2.py3-none-any.whl", hash = "sha256:0d94e0e05a19e57a99444b6ddcf9a6eb2e5c68d3ca1e98e90707af8152c90a92"},
    {file = "pyflakes-2.2.0.tar.gz", hash = "sha256:35b2d75ee967ea93b55750aa9edbbf72813e06a66ba54438df2cfac9e3c27fc8"},
]
python-dateutil = [
    {file = "python-dateutil-2.8.1.tar.gz", hash = "sha256:73ebfe9dbf22e832286dafa60473e4cd239f8592f699aa5adaf10050e6e1823c"},
    {file = "python_dateutil-2.8.1-py2.py3-none-any.whl", hash = "sha256:75bb3f31ea686f1197762692a9ee6a7550b59fc6ca3a1f4b5d7e32fb98e2da2a"},
]
python-dotenv = [
    {file = "python-dotenv-0.13.0.tar.gz", hash = "sha256:3b9909bc96b0edc6b01586e1eed05e71174ef4e04c71da5786370cebea53ad74"},
    {file = "python_dotenv-0.13.0-py2.py3-none-any.whl", hash = "sha256:25c0ff1a3e12f4bde8d592cc254ab075cfe734fc5dd989036716fd17ee7e5ec7"},
]
python3-openid = [
    {file = "python3-openid-3.1.0.tar.gz", hash = "sha256:628d365d687e12da12d02c6691170f4451db28d6d68d050007e4a40065868502"},
    {file = "python3_openid-3.1.0-py3-none-any.whl", hash = "sha256:0086da6b6ef3161cfe50fb1ee5cceaf2cda1700019fda03c2c5c440ca6abe4fa"},
]
pytz = [
    {file = "pytz-2020.1-py2.py3-none-any.whl", hash = "sha256:a494d53b6d39c3c6e44c3bec237336e14305e4f29bbf800b599253057fbb79ed"},
    {file = "pytz-2020.1.tar.gz", hash = "sha256:c35965d010ce31b23eeb663ed3cc8c906275d6be1a34393a1d73a41febf4a048"},
]
requests = [
    {file = "requests-2.23.0-py2.py3-none-any.whl", hash = "sha256:43999036bfa82904b6af1d99e4882b560e5e2c68e5c4b0aa03b655f3d7d73fee"},
    {file = "requests-2.23.0.tar.gz", hash = "sha256:b3f43d496c6daba4493e7c431722aeb7dbc6288f52a6e04e7b6023b0247817e6"},
]
requests-oauthlib = [
    {file = "requests-oauthlib-1.3.0.tar.gz", hash = "sha256:b4261601a71fd721a8bd6d7aa1cc1d6a8a93b4a9f5e96626f8e4d91e8beeaa6a"},
    {file = "requests_oauthlib-1.3.0-py2.py3-none-any.whl", hash = "sha256:7f71572defaecd16372f9006f33c2ec8c077c3cfa6f5911a9a90202beb513f3d"},
    {file = "requests_oauthlib-1.3.0-py3.7.egg", hash = "sha256:fa6c47b933f01060936d87ae9327fead68768b69c6c9ea2109c48be30f2d4dbc"},
]
six = [
    {file = "six-1.15.0-py2.py3-none-any.whl", hash = "sha256:8b74bedcbbbaca38ff6d7491d76f2b06b3592611af620f8426e82dddb04a5ced"},
    {file = "six-1.15.0.tar.gz", hash = "sha256:30639c035cdb23534cd4aa2dd52c3bf48f06e5f4a941509c8bafd8ce11080259"},
]
sqlparse = [
    {file = "sqlparse-0.3.1-py2.py3-none-any.whl", hash = "sha256:022fb9c87b524d1f7862b3037e541f68597a730a8843245c349fc93e1643dc4e"},
    {file = "sqlparse-0.3.1.tar.gz", hash = "sha256:e162203737712307dfe78860cc56c8da8a852ab2ee33750e33aeadf38d12c548"},
]
urllib3 = [
    {file = "urllib3-1.25.9-py2.py3-none-any.whl", hash = "sha256:88206b0eb87e6d677d424843ac5209e3fb9d0190d0ee169599165ec25e9d9115"},
    {file = "urllib3-1.25.9.tar.gz", hash = "sha256:3018294ebefce6572a474f0604c2021e33b3fd8006ecd11d62107a5d2a963527"},
]
whitenoise = [
    {file = "whitenoise-5.1.0-py2.py3-none-any.whl", hash = "sha256:6dd26bfda3af29177d8ab7333a0c7b7642eb615ce83764f4d15a9aecda3201c4"},
    {file = "whitenoise-5.1.0.tar.gz", hash = "sha256:60154b976a13901414a25b0273a841145f77eb34a141f9ae032a0ace3e4d5b27"},
]
